
Microsoft Visual Studio Solution File, Format Version 12.00
# Visual Studio Version 16
VisualStudioVersion = 16.0.29519.87
MinimumVisualStudioVersion = 10.0.40219.1
Project("{FAE04EC0-301F-11D3-BF4B-00C04F79EFBC}") = "SixWhoTakesModel", "SixWhoTakesModel\SixWhoTakesModel.csproj", "{680CD8B7-5EA6-4168-88C4-3850709D89B9}"
EndProject
Global
	GlobalSection(SolutionConfigurationPlatforms) = preSolution
		Debug|Any CPU = Debug|Any CPU
		Release|Any CPU = Release|Any CPU
	EndGlobalSection
	GlobalSection(ProjectConfigurationPlatforms) = postSolution
		{680CD8B7-5EA6-4168-88C4-3850709D89B9}.Debug|Any CPU.ActiveCfg = Debug|Any CPU
		{680CD8B7-5EA6-4168-88C4-3850709D89B9}.Debug|Any CPU.Build.0 = Debug|Any CPU
		{680CD8B7-5EA6-4168-88C4-3850709D89B9}.Release|Any CPU.ActiveCfg = Release|Any CPU
		{680CD8B7-5EA6-4168-88C4-3850709D89B9}.Release|Any CPU.Build.0 = Release|Any CPU
	EndGlobalSection
	GlobalSection(SolutionProperties) = preSolution
		HideSolutionNode = FALSE
	EndGlobalSection
	GlobalSection(ExtensibilityGlobals) = postSolution
		SolutionGuid = {C3D2EC9A-73ED-4337-A059-6194800C2C1A}
	EndGlobalSection
EndGlobal
